
Microsoft Visual Studio Solution File, Format Version 12.00
# Visual Studio 15
VisualStudioVersion = 15.0.28307.757
MinimumVisualStudioVersion = 10.0.40219.1
Project("{FAE04EC0-301F-11D3-BF4B-00C04F79EFBC}") = "Isima", "Isima\Isima.csproj", "{EEA29970-0D65-4B65-8B6B-49E06086169C}"
EndProject
Project("{FAE04EC0-301F-11D3-BF4B-00C04F79EFBC}") = "isima.DAL", "isima.DAL\isima.DAL.csproj", "{12A525DA-D55B-450D-A5F1-53808F891E1B}"
EndProject
Project("{FAE04EC0-301F-11D3-BF4B-00C04F79EFBC}") = "Isima.Tests", "Isima.Tests\Isima.Tests.csproj", "{E9C9247C-E00B-439A-A857-5FB196E91342}"
EndProject
Project("{FAE04EC0-301F-11D3-BF4B-00C04F79EFBC}") = "Isima.DTO", "Isima.DTO\Isima.DTO.csproj", "{F5926DB6-94B7-4BA2-9691-2790832AF41B}"
EndProject
Project("{FAE04EC0-301F-11D3-BF4B-00C04F79EFBC}") = "Isima.Business", "Isima.Business\Isima.Business.csproj", "{C4B4A179-A4A0-49DE-A17D-40F6CB3F0F5F}"
EndProject
Project("{FAE04EC0-301F-11D3-BF4B-00C04F79EFBC}") = "Isima.API", "Isima.API\Isima.API.csproj", "{3F24345F-CE48-48E4-A21D-89E83B4CA7DC}"
EndProject
Global
	GlobalSection(SolutionConfigurationPlatforms) = preSolution
		Debug|Any CPU = Debug|Any CPU
		Release|Any CPU = Release|Any CPU
	EndGlobalSection
	GlobalSection(ProjectConfigurationPlatforms) = postSolution
		{EEA29970-0D65-4B65-8B6B-49E06086169C}.Debug|Any CPU.ActiveCfg = Debug|Any CPU
		{EEA29970-0D65-4B65-8B6B-49E06086169C}.Debug|Any CPU.Build.0 = Debug|Any CPU
		{EEA29970-0D65-4B65-8B6B-49E06086169C}.Release|Any CPU.ActiveCfg = Release|Any CPU
		{EEA29970-0D65-4B65-8B6B-49E06086169C}.Release|Any CPU.Build.0 = Release|Any CPU
		{12A525DA-D55B-450D-A5F1-53808F891E1B}.Debug|Any CPU.ActiveCfg = Debug|Any CPU
		{12A525DA-D55B-450D-A5F1-53808F891E1B}.Debug|Any CPU.Build.0 = Debug|Any CPU
		{12A525DA-D55B-450D-A5F1-53808F891E1B}.Release|Any CPU.ActiveCfg = Release|Any CPU
		{12A525DA-D55B-450D-A5F1-53808F891E1B}.Release|Any CPU.Build.0 = Release|Any CPU
		{E9C9247C-E00B-439A-A857-5FB196E91342}.Debug|Any CPU.ActiveCfg = Debug|Any CPU
		{E9C9247C-E00B-439A-A857-5FB196E91342}.Debug|Any CPU.Build.0 = Debug|Any CPU
		{E9C9247C-E00B-439A-A857-5FB196E91342}.Release|Any CPU.ActiveCfg = Release|Any CPU
		{E9C9247C-E00B-439A-A857-5FB196E91342}.Release|Any CPU.Build.0 = Release|Any CPU
		{F5926DB6-94B7-4BA2-9691-2790832AF41B}.Debug|Any CPU.ActiveCfg = Debug|Any CPU
		{F5926DB6-94B7-4BA2-9691-2790832AF41B}.Debug|Any CPU.Build.0 = Debug|Any CPU
		{F5926DB6-94B7-4BA2-9691-2790832AF41B}.Release|Any CPU.ActiveCfg = Release|Any CPU
		{F5926DB6-94B7-4BA2-9691-2790832AF41B}.Release|Any CPU.Build.0 = Release|Any CPU
		{C4B4A179-A4A0-49DE-A17D-40F6CB3F0F5F}.Debug|Any CPU.ActiveCfg = Debug|Any CPU
		{C4B4A179-A4A0-49DE-A17D-40F6CB3F0F5F}.Debug|Any CPU.Build.0 = Debug|Any CPU
		{C4B4A179-A4A0-49DE-A17D-40F6CB3F0F5F}.Release|Any CPU.ActiveCfg = Release|Any CPU
		{C4B4A179-A4A0-49DE-A17D-40F6CB3F0F5F}.Release|Any CPU.Build.0 = Release|Any CPU
		{3F24345F-CE48-48E4-A21D-89E83B4CA7DC}.Debug|Any CPU.ActiveCfg = Debug|Any CPU
		{3F24345F-CE48-48E4-A21D-89E83B4CA7DC}.Debug|Any CPU.Build.0 = Debug|Any CPU
		{3F24345F-CE48-48E4-A21D-89E83B4CA7DC}.Release|Any CPU.ActiveCfg = Release|Any CPU
		{3F24345F-CE48-48E4-A21D-89E83B4CA7DC}.Release|Any CPU.Build.0 = Release|Any CPU
	EndGlobalSection
	GlobalSection(SolutionProperties) = preSolution
		HideSolutionNode = FALSE
	EndGlobalSection
	GlobalSection(ExtensibilityGlobals) = postSolution
		SolutionGuid = {31F59E80-5772-4BE5-8EC2-46D5165237E3}
	EndGlobalSection
EndGlobal
